{
  "version": 4,
  "terraform_version": "1.7.5",
  "serial": 1,
  "lineage": "bf4f0ea0-0047-8e9e-c936-bce628c655b6",
  "outputs": {},
  "resources": [
    {
      "mode": "managed",
      "type": "local_file",
      "name": "infrastructure",
      "provider": "provider[\"registry.terraform.io/hashicorp/local\"]",
      "instances": [
        {
          "schema_version": 0,
          "attributes": {
            "content": "Infrastructure provisioned successfully using Terraform",
            "content_base64": null,
            "content_base64sha256": "ymqR6JGkFuOT/YerNv1HNcx9ImGrINnS25QQrE/A54M=",
            "content_base64sha512": "KXyW594aTZomxdSdgvO4Du/D4X6shA4k6ENU5W3uEk8tEfs1q9ffKl2zVCaaWdzm1bj5xsAMPvyUD3LY4r9ZOw==",
            "content_md5": "e883b134845cffab6a4cdc5e8e650d37",
            "content_sha1": "0df08ac36513ff237a8f9934ef561ebb4702863f",
            "content_sha256": "ca6a91e891a416e393fd87ab36fd4735cc7d2261ab20d9d2db9410ac4fc0e783",
            "content_sha512": "297c96e7de1a4d9a26c5d49d82f3b80eefc3e17eac840e24e84354e56dee124f2d11fb35abd7df2a5db354269a59dce6d5b8f9c6c00c3efc940f72d8e2bf593b",
            "directory_permission": "0777",
            "file_permission": "0777",
            "filename": "infrastructure.txt",
            "id": "0df08ac36513ff237a8f9934ef561ebb4702863f",
            "sensitive_content": null,
            "source": null
          },
          "sensitive_attributes": []
        }
      ]
    }
  ],
  "check_results": null
}
